<?xml version="1.0" encoding="utf-8"?>
<Project ToolsVersion="4.0" xmlns="http://schemas.microsoft.com/developer/msbuild/2003">
  <ItemGroup>
    <ClCompile Include="imgui\imgui.cpp">
      <Filter>imgui</Filter>
    </ClCompile>
    <ClCompile Include="imgui\imgui_demo.cpp">
      <Filter>imgui</Filter>
    </ClCompile>
    <ClCompile Include="imgui\imgui_draw.cpp">
      <Filter>imgui</Filter>
    </ClCompile>
    <ClCompile Include="imgui\imgui_impl_glfw_gl3.cpp">
      <Filter>imgui</Filter>
    </ClCompile>
    <ClCompile Include="Animation.cpp">
      <Filter>Engine\Animation</Filter>
    </ClCompile>
    <ClCompile Include="Animator.cpp">
      <Filter>Engine\Animation</Filter>
    </ClCompile>
    <ClCompile Include="AnimCharacter.cpp">
      <Filter>Engine\Animation</Filter>
    </ClCompile>
    <ClCompile Include="AssetImporter.cpp">
      <Filter>Engine\Core</Filter>
    </ClCompile>
    <ClCompile Include="GameObject.cpp">
      <Filter>Engine\Core</Filter>
    </ClCompile>
    <ClCompile Include="GLFunctions.cpp">
      <Filter>Engine\Core</Filter>
    </ClCompile>
    <ClCompile Include="GUIManager.cpp">
      <Filter>Engine\Core</Filter>
    </ClCompile>
    <ClCompile Include="Joint.cpp">
      <Filter>Engine\Core</Filter>
    </ClCompile>
    <ClCompile Include="Mesh.cpp">
      <Filter>Engine\Core</Filter>
    </ClCompile>
    <ClCompile Include="Renderer.cpp">
      <Filter>Engine\Core</Filter>
    </ClCompile>
    <ClCompile Include="ResourceManager.cpp">
      <Filter>Engine\Core</Filter>
    </ClCompile>
    <ClCompile Include="Shader.cpp">
      <Filter>Engine\Core</Filter>
    </ClCompile>
    <ClCompile Include="Transform.cpp">
      <Filter>Engine\Core</Filter>
    </ClCompile>
    <ClCompile Include="Camera.cpp">
      <Filter>Source</Filter>
    </ClCompile>
    <ClCompile Include="Cube.cpp">
      <Filter>Source</Filter>
    </ClCompile>
    <ClCompile Include="Floor.cpp">
      <Filter>Source</Filter>
    </ClCompile>
    <ClCompile Include="GLFWApp.cpp">
      <Filter>Source</Filter>
    </ClCompile>
    <ClCompile Include="Jelly.cpp">
      <Filter>Source</Filter>
    </ClCompile>
    <ClCompile Include="main.cpp">
      <Filter>Source</Filter>
    </ClCompile>
    <ClCompile Include="Particle.cpp">
      <Filter>Source</Filter>
    </ClCompile>
  </ItemGroup>
  <ItemGroup>
    <ClInclude Include="imgui\imconfig.h">
      <Filter>imgui</Filter>
    </ClInclude>
    <ClInclude Include="imgui\imgui.h">
      <Filter>imgui</Filter>
    </ClInclude>
    <ClInclude Include="imgui\imgui_impl_glfw_gl3.h">
      <Filter>imgui</Filter>
    </ClInclude>
    <ClInclude Include="imgui\imgui_internal.h">
      <Filter>imgui</Filter>
    </ClInclude>
    <ClInclude Include="imgui\stb_truetype.h">
      <Filter>imgui</Filter>
    </ClInclude>
    <ClInclude Include="imgui\stb_textedit.h">
      <Filter>imgui</Filter>
    </ClInclude>
    <ClInclude Include="imgui\stb_rect_pack.h">
      <Filter>imgui</Filter>
    </ClInclude>
    <ClInclude Include="Animation.h">
      <Filter>Engine\Animation</Filter>
    </ClInclude>
    <ClInclude Include="Animator.h">
      <Filter>Engine\Animation</Filter>
    </ClInclude>
    <ClInclude Include="AnimCharacter.h">
      <Filter>Engine\Animation</Filter>
    </ClInclude>
    <ClInclude Include="AssetImporter.h">
      <Filter>Engine\Core</Filter>
    </ClInclude>
    <ClInclude Include="common.h">
      <Filter>Engine\Core</Filter>
    </ClInclude>
    <ClInclude Include="GameObject.h">
      <Filter>Engine\Core</Filter>
    </ClInclude>
    <ClInclude Include="GLFunctions.h">
      <Filter>Engine\Core</Filter>
    </ClInclude>
    <ClInclude Include="GUIManager.h">
      <Filter>Engine\Core</Filter>
    </ClInclude>
    <ClInclude Include="Joint.h">
      <Filter>Engine\Core</Filter>
    </ClInclude>
    <ClInclude Include="Mesh.h">
      <Filter>Engine\Core</Filter>
    </ClInclude>
    <ClInclude Include="Renderer.h">
      <Filter>Engine\Core</Filter>
    </ClInclude>
    <ClInclude Include="ResourceManager.h">
      <Filter>Engine\Core</Filter>
    </ClInclude>
    <ClInclude Include="Shader.h">
      <Filter>Engine\Core</Filter>
    </ClInclude>
    <ClInclude Include="Transform.h">
      <Filter>Engine\Core</Filter>
    </ClInclude>
    <ClInclude Include="Camera.h">
      <Filter>Header</Filter>
    </ClInclude>
    <ClInclude Include="Cube.h">
      <Filter>Header</Filter>
    </ClInclude>
    <ClInclude Include="Floor.h">
      <Filter>Header</Filter>
    </ClInclude>
    <ClInclude Include="Jelly.h">
      <Filter>Header</Filter>
    </ClInclude>
    <ClInclude Include="Particle.h">
      <Filter>Header</Filter>
    </ClInclude>
    <ClInclude Include="GLFWApp.h">
      <Filter>Header</Filter>
    </ClInclude>
  </ItemGroup>
  <ItemGroup>
    <Filter Include="imgui">
      <UniqueIdentifier>{977770ea-66b5-412c-a5ed-582545cd5eef}</UniqueIdentifier>
    </Filter>
    <Filter Include="Engine">
      <UniqueIdentifier>{82156626-804c-4a94-a8f1-144afbebd5da}</UniqueIdentifier>
    </Filter>
    <Filter Include="Engine\Core">
      <UniqueIdentifier>{b404f93b-f0ce-4227-b767-1d0f9b1ad972}</UniqueIdentifier>
    </Filter>
    <Filter Include="Engine\Animation">
      <UniqueIdentifier>{b30d21b7-90f4-4281-b065-797fc934f065}</UniqueIdentifier>
    </Filter>
    <Filter Include="Header">
      <UniqueIdentifier>{b0e80d4c-c58b-413f-8675-ba0b49616eb8}</UniqueIdentifier>
    </Filter>
    <Filter Include="Source">
      <UniqueIdentifier>{32cead51-c727-4c3a-9965-2ad0bad158d5}</UniqueIdentifier>
    </Filter>
  </ItemGroup>
</Project>